
Microsoft Visual Studio Solution File, Format Version 12.00
# Visual Studio Version 16
VisualStudioVersion = 16.0.33529.622
MinimumVisualStudioVersion = 10.0.40219.1
Project("{FAE04EC0-301F-11D3-BF4B-00C04F79EFBC}") = "Distans_f", "Distans_f\Distans_f.csproj", "{97105E8C-2F0D-4A85-9FDF-66283D0B3AC8}"
EndProject
Global
	GlobalSection(SolutionConfigurationPlatforms) = preSolution
		Debug|Any CPU = Debug|Any CPU
		Release|Any CPU = Release|Any CPU
	EndGlobalSection
	GlobalSection(ProjectConfigurationPlatforms) = postSolution
		{97105E8C-2F0D-4A85-9FDF-66283D0B3AC8}.Debug|Any CPU.ActiveCfg = Debug|Any CPU
		{97105E8C-2F0D-4A85-9FDF-66283D0B3AC8}.Debug|Any CPU.Build.0 = Debug|Any CPU
		{97105E8C-2F0D-4A85-9FDF-66283D0B3AC8}.Release|Any CPU.ActiveCfg = Release|Any CPU
		{97105E8C-2F0D-4A85-9FDF-66283D0B3AC8}.Release|Any CPU.Build.0 = Release|Any CPU
	EndGlobalSection
	GlobalSection(SolutionProperties) = preSolution
		HideSolutionNode = FALSE
	EndGlobalSection
	GlobalSection(ExtensibilityGlobals) = postSolution
		SolutionGuid = {A8819BBF-A359-4CD2-96EC-141D3E5914C6}
	EndGlobalSection
EndGlobal
