
Microsoft Visual Studio Solution File, Format Version 12.00
# Visual Studio Version 16
VisualStudioVersion = 16.0.33529.622
MinimumVisualStudioVersion = 10.0.40219.1
Project("{FAE04EC0-301F-11D3-BF4B-00C04F79EFBC}") = "лр9_упр4", "лр9_упр4\лр9_упр4.csproj", "{0462BE92-8701-43D0-BDBA-244C18604A24}"
EndProject
Global
	GlobalSection(SolutionConfigurationPlatforms) = preSolution
		Debug|Any CPU = Debug|Any CPU
		Release|Any CPU = Release|Any CPU
	EndGlobalSection
	GlobalSection(ProjectConfigurationPlatforms) = postSolution
		{0462BE92-8701-43D0-BDBA-244C18604A24}.Debug|Any CPU.ActiveCfg = Debug|Any CPU
		{0462BE92-8701-43D0-BDBA-244C18604A24}.Debug|Any CPU.Build.0 = Debug|Any CPU
		{0462BE92-8701-43D0-BDBA-244C18604A24}.Release|Any CPU.ActiveCfg = Release|Any CPU
		{0462BE92-8701-43D0-BDBA-244C18604A24}.Release|Any CPU.Build.0 = Release|Any CPU
	EndGlobalSection
	GlobalSection(SolutionProperties) = preSolution
		HideSolutionNode = FALSE
	EndGlobalSection
	GlobalSection(ExtensibilityGlobals) = postSolution
		SolutionGuid = {BD10FDE0-A238-4388-BC23-71863DFA29EE}
	EndGlobalSection
EndGlobal
