
Microsoft Visual Studio Solution File, Format Version 12.00
# Visual Studio Version 16
VisualStudioVersion = 16.0.33529.622
MinimumVisualStudioVersion = 10.0.40219.1
Project("{FAE04EC0-301F-11D3-BF4B-00C04F79EFBC}") = "лр8", "лр8\лр8.csproj", "{764F338B-1734-4034-88F9-F56EBB3187B8}"
EndProject
Global
	GlobalSection(SolutionConfigurationPlatforms) = preSolution
		Debug|Any CPU = Debug|Any CPU
		Release|Any CPU = Release|Any CPU
	EndGlobalSection
	GlobalSection(ProjectConfigurationPlatforms) = postSolution
		{764F338B-1734-4034-88F9-F56EBB3187B8}.Debug|Any CPU.ActiveCfg = Debug|Any CPU
		{764F338B-1734-4034-88F9-F56EBB3187B8}.Debug|Any CPU.Build.0 = Debug|Any CPU
		{764F338B-1734-4034-88F9-F56EBB3187B8}.Release|Any CPU.ActiveCfg = Release|Any CPU
		{764F338B-1734-4034-88F9-F56EBB3187B8}.Release|Any CPU.Build.0 = Release|Any CPU
	EndGlobalSection
	GlobalSection(SolutionProperties) = preSolution
		HideSolutionNode = FALSE
	EndGlobalSection
	GlobalSection(ExtensibilityGlobals) = postSolution
		SolutionGuid = {5CE46DD2-9FCB-4ECC-8B8E-2D699D05D138}
	EndGlobalSection
EndGlobal
